
Microsoft Visual Studio Solution File, Format Version 12.00
# Visual Studio Version 16
VisualStudioVersion = 16.0.31112.23
MinimumVisualStudioVersion = 10.0.40219.1
Project("{8BC9CEB8-8B4A-11D0-8D11-00A0C91BC942}") = "ScreenShot", "ScreenShot\ScreenShot.vcxproj", "{5048A600-017A-4A5A-B453-ACF042A8C126}"
EndProject
Global
	GlobalSection(SolutionConfigurationPlatforms) = preSolution
		Debug|x64 = Debug|x64
		Release|x64 = Release|x64
	EndGlobalSection
	GlobalSection(ProjectConfigurationPlatforms) = postSolution
		{5048A600-017A-4A5A-B453-ACF042A8C126}.Debug|x64.ActiveCfg = Debug|x64
		{5048A600-017A-4A5A-B453-ACF042A8C126}.Debug|x64.Build.0 = Debug|x64
		{5048A600-017A-4A5A-B453-ACF042A8C126}.Release|x64.ActiveCfg = Release|x64
		{5048A600-017A-4A5A-B453-ACF042A8C126}.Release|x64.Build.0 = Release|x64
	EndGlobalSection
	GlobalSection(SolutionProperties) = preSolution
		HideSolutionNode = FALSE
	EndGlobalSection
	GlobalSection(ExtensibilityGlobals) = postSolution
		SolutionGuid = {1D91C906-1DF2-4FC5-ACAF-35D6F9148CC5}
	EndGlobalSection
EndGlobal
